
Microsoft Visual Studio Solution File, Format Version 12.00
# Visual Studio Version 16
VisualStudioVersion = 16.0.30413.136
MinimumVisualStudioVersion = 10.0.40219.1
Project("{9A19103F-16F7-4668-BE54-9A1E7A4F7556}") = "Battleship", "Battleship\Battleship.csproj", "{0B2D3209-5064-470E-AAA5-F10EB2A88C58}"
EndProject
Project("{9A19103F-16F7-4668-BE54-9A1E7A4F7556}") = "BattleshipApi.Base", "BattleshipApi.Base\BattleshipApi.Base.csproj", "{D32086DB-888E-4918-A7C4-C4A085794ECD}"
EndProject
Project("{9A19103F-16F7-4668-BE54-9A1E7A4F7556}") = "BattleshipApi.Player", "BattleshipApi.Player\BattleshipApi.Player.csproj", "{06969909-5E74-4E03-9DDB-A37B4A3162F0}"
EndProject
Project("{9A19103F-16F7-4668-BE54-9A1E7A4F7556}") = "BattleshipApi.Match", "BattleshipApi.Match\BattleshipApi.Match.csproj", "{4ACA0E91-67FF-4444-81CF-B38D0AB8DCF7}"
EndProject
Project("{9A19103F-16F7-4668-BE54-9A1E7A4F7556}") = "BattleshipApi.SpecialPower", "BattleshipApi.SpecialPower\BattleshipApi.SpecialPower.csproj", "{99EEC4BE-FAE1-4164-B078-1A0D72B65B72}"
EndProject
Project("{9A19103F-16F7-4668-BE54-9A1E7A4F7556}") = "BattleshipApi.BattleField", "BattleshipApi.BattleField\BattleshipApi.BattleField.csproj", "{004642AA-BF8A-4D4D-9FA6-70631D837F12}"
EndProject
Project("{9A19103F-16F7-4668-BE54-9A1E7A4F7556}") = "BattleshipApi.JWT", "BattleshipApi.JWT\BattleshipApi.JWT.csproj", "{2FCD498C-31BA-4E95-823F-DE408B3D6164}"
EndProject
Project("{9A19103F-16F7-4668-BE54-9A1E7A4F7556}") = "BattleshipApi.Ships", "BattleshipApi.Ships\BattleshipApi.Ships.csproj", "{EC0D68AC-B7A9-4E9A-B632-3E9F5EE85A75}"
EndProject
Project("{FAE04EC0-301F-11D3-BF4B-00C04F79EFBC}") = "BattleshipApi.Theme", "BattleshipApi.Theme\BattleshipApi.Theme.csproj", "{E6D951BF-5E0F-40AC-A89E-FDC549B6C868}"
EndProject
Global
	GlobalSection(SolutionConfigurationPlatforms) = preSolution
		Debug|Any CPU = Debug|Any CPU
		Release|Any CPU = Release|Any CPU
	EndGlobalSection
	GlobalSection(ProjectConfigurationPlatforms) = postSolution
		{0B2D3209-5064-470E-AAA5-F10EB2A88C58}.Debug|Any CPU.ActiveCfg = Debug|Any CPU
		{0B2D3209-5064-470E-AAA5-F10EB2A88C58}.Debug|Any CPU.Build.0 = Debug|Any CPU
		{0B2D3209-5064-470E-AAA5-F10EB2A88C58}.Release|Any CPU.ActiveCfg = Release|Any CPU
		{0B2D3209-5064-470E-AAA5-F10EB2A88C58}.Release|Any CPU.Build.0 = Release|Any CPU
		{D32086DB-888E-4918-A7C4-C4A085794ECD}.Debug|Any CPU.ActiveCfg = Debug|Any CPU
		{D32086DB-888E-4918-A7C4-C4A085794ECD}.Debug|Any CPU.Build.0 = Debug|Any CPU
		{D32086DB-888E-4918-A7C4-C4A085794ECD}.Release|Any CPU.ActiveCfg = Release|Any CPU
		{D32086DB-888E-4918-A7C4-C4A085794ECD}.Release|Any CPU.Build.0 = Release|Any CPU
		{06969909-5E74-4E03-9DDB-A37B4A3162F0}.Debug|Any CPU.ActiveCfg = Debug|Any CPU
		{06969909-5E74-4E03-9DDB-A37B4A3162F0}.Debug|Any CPU.Build.0 = Debug|Any CPU
		{06969909-5E74-4E03-9DDB-A37B4A3162F0}.Release|Any CPU.ActiveCfg = Release|Any CPU
		{06969909-5E74-4E03-9DDB-A37B4A3162F0}.Release|Any CPU.Build.0 = Release|Any CPU
		{4ACA0E91-67FF-4444-81CF-B38D0AB8DCF7}.Debug|Any CPU.ActiveCfg = Debug|Any CPU
		{4ACA0E91-67FF-4444-81CF-B38D0AB8DCF7}.Debug|Any CPU.Build.0 = Debug|Any CPU
		{4ACA0E91-67FF-4444-81CF-B38D0AB8DCF7}.Release|Any CPU.ActiveCfg = Release|Any CPU
		{4ACA0E91-67FF-4444-81CF-B38D0AB8DCF7}.Release|Any CPU.Build.0 = Release|Any CPU
		{99EEC4BE-FAE1-4164-B078-1A0D72B65B72}.Debug|Any CPU.ActiveCfg = Debug|Any CPU
		{99EEC4BE-FAE1-4164-B078-1A0D72B65B72}.Debug|Any CPU.Build.0 = Debug|Any CPU
		{99EEC4BE-FAE1-4164-B078-1A0D72B65B72}.Release|Any CPU.ActiveCfg = Release|Any CPU
		{99EEC4BE-FAE1-4164-B078-1A0D72B65B72}.Release|Any CPU.Build.0 = Release|Any CPU
		{004642AA-BF8A-4D4D-9FA6-70631D837F12}.Debug|Any CPU.ActiveCfg = Debug|Any CPU
		{004642AA-BF8A-4D4D-9FA6-70631D837F12}.Debug|Any CPU.Build.0 = Debug|Any CPU
		{004642AA-BF8A-4D4D-9FA6-70631D837F12}.Release|Any CPU.ActiveCfg = Release|Any CPU
		{004642AA-BF8A-4D4D-9FA6-70631D837F12}.Release|Any CPU.Build.0 = Release|Any CPU
		{2FCD498C-31BA-4E95-823F-DE408B3D6164}.Debug|Any CPU.ActiveCfg = Debug|Any CPU
		{2FCD498C-31BA-4E95-823F-DE408B3D6164}.Debug|Any CPU.Build.0 = Debug|Any CPU
		{2FCD498C-31BA-4E95-823F-DE408B3D6164}.Release|Any CPU.ActiveCfg = Release|Any CPU
		{2FCD498C-31BA-4E95-823F-DE408B3D6164}.Release|Any CPU.Build.0 = Release|Any CPU
		{EC0D68AC-B7A9-4E9A-B632-3E9F5EE85A75}.Debug|Any CPU.ActiveCfg = Debug|Any CPU
		{EC0D68AC-B7A9-4E9A-B632-3E9F5EE85A75}.Debug|Any CPU.Build.0 = Debug|Any CPU
		{EC0D68AC-B7A9-4E9A-B632-3E9F5EE85A75}.Release|Any CPU.ActiveCfg = Release|Any CPU
		{EC0D68AC-B7A9-4E9A-B632-3E9F5EE85A75}.Release|Any CPU.Build.0 = Release|Any CPU
		{E6D951BF-5E0F-40AC-A89E-FDC549B6C868}.Debug|Any CPU.ActiveCfg = Debug|Any CPU
		{E6D951BF-5E0F-40AC-A89E-FDC549B6C868}.Debug|Any CPU.Build.0 = Debug|Any CPU
		{E6D951BF-5E0F-40AC-A89E-FDC549B6C868}.Release|Any CPU.ActiveCfg = Release|Any CPU
		{E6D951BF-5E0F-40AC-A89E-FDC549B6C868}.Release|Any CPU.Build.0 = Release|Any CPU
	EndGlobalSection
	GlobalSection(SolutionProperties) = preSolution
		HideSolutionNode = FALSE
	EndGlobalSection
	GlobalSection(ExtensibilityGlobals) = postSolution
		SolutionGuid = {6511C40C-9908-41FC-99AA-66F47F602D15}
	EndGlobalSection
EndGlobal
