
Microsoft Visual Studio Solution File, Format Version 12.00
# Visual Studio Version 16
VisualStudioVersion = 16.0.28803.352
MinimumVisualStudioVersion = 10.0.40219.1
Project("{9A19103F-16F7-4668-BE54-9A1E7A4F7556}") = "BatalhaNavalApi", "BatalhaNavalApi\BatalhaNavalApi.csproj", "{CAF7AAE9-5199-4E75-838F-C0EA07684ABC}"
EndProject
Project("{9A19103F-16F7-4668-BE54-9A1E7A4F7556}") = "BatalhaNavalApi.Match", "Dll\BatalhaNavalApi.Partida\BatalhaNavalApi.Match.csproj", "{A0866134-2A09-476E-822B-B268E2F1F777}"
EndProject
Project("{9A19103F-16F7-4668-BE54-9A1E7A4F7556}") = "BatalhaNavalApi.Base", "Dll\BatalhaNavalApi.Base\BatalhaNavalApi.Base.csproj", "{AF71167E-6327-4C79-BC46-3ADE2D418CBE}"
EndProject
Project("{9A19103F-16F7-4668-BE54-9A1E7A4F7556}") = "BatalhaNavalApi.Player", "Dll\BatalhaNavalApi.Jogador\BatalhaNavalApi.Player.csproj", "{FA274A33-CB0A-4ADD-BBD9-CEB5D0F6E9B4}"
EndProject
Global
	GlobalSection(SolutionConfigurationPlatforms) = preSolution
		Debug|Any CPU = Debug|Any CPU
		Release|Any CPU = Release|Any CPU
	EndGlobalSection
	GlobalSection(ProjectConfigurationPlatforms) = postSolution
		{CAF7AAE9-5199-4E75-838F-C0EA07684ABC}.Debug|Any CPU.ActiveCfg = Debug|Any CPU
		{CAF7AAE9-5199-4E75-838F-C0EA07684ABC}.Debug|Any CPU.Build.0 = Debug|Any CPU
		{CAF7AAE9-5199-4E75-838F-C0EA07684ABC}.Release|Any CPU.ActiveCfg = Release|Any CPU
		{CAF7AAE9-5199-4E75-838F-C0EA07684ABC}.Release|Any CPU.Build.0 = Release|Any CPU
		{A0866134-2A09-476E-822B-B268E2F1F777}.Debug|Any CPU.ActiveCfg = Debug|Any CPU
		{A0866134-2A09-476E-822B-B268E2F1F777}.Debug|Any CPU.Build.0 = Debug|Any CPU
		{A0866134-2A09-476E-822B-B268E2F1F777}.Release|Any CPU.ActiveCfg = Release|Any CPU
		{A0866134-2A09-476E-822B-B268E2F1F777}.Release|Any CPU.Build.0 = Release|Any CPU
		{AF71167E-6327-4C79-BC46-3ADE2D418CBE}.Debug|Any CPU.ActiveCfg = Debug|Any CPU
		{AF71167E-6327-4C79-BC46-3ADE2D418CBE}.Debug|Any CPU.Build.0 = Debug|Any CPU
		{AF71167E-6327-4C79-BC46-3ADE2D418CBE}.Release|Any CPU.ActiveCfg = Release|Any CPU
		{AF71167E-6327-4C79-BC46-3ADE2D418CBE}.Release|Any CPU.Build.0 = Release|Any CPU
		{FA274A33-CB0A-4ADD-BBD9-CEB5D0F6E9B4}.Debug|Any CPU.ActiveCfg = Debug|Any CPU
		{FA274A33-CB0A-4ADD-BBD9-CEB5D0F6E9B4}.Debug|Any CPU.Build.0 = Debug|Any CPU
		{FA274A33-CB0A-4ADD-BBD9-CEB5D0F6E9B4}.Release|Any CPU.ActiveCfg = Release|Any CPU
		{FA274A33-CB0A-4ADD-BBD9-CEB5D0F6E9B4}.Release|Any CPU.Build.0 = Release|Any CPU
	EndGlobalSection
	GlobalSection(SolutionProperties) = preSolution
		HideSolutionNode = FALSE
	EndGlobalSection
	GlobalSection(ExtensibilityGlobals) = postSolution
		SolutionGuid = {4A545834-7C6A-4F38-9638-34F689288C63}
	EndGlobalSection
EndGlobal
